
Microsoft Visual Studio Solution File, Format Version 12.00
# Visual Studio 15
Project("{FAE04EC0-301F-11D3-BF4B-00C04F79EFBC}") = "Assembly-CSharp", "Assembly-CSharp.csproj", "{04A35E40-5E8F-F08B-6C08-A80D600A8773}"
EndProject
Project("{FAE04EC0-301F-11D3-BF4B-00C04F79EFBC}") = "Assembly-CSharp-Editor", "Assembly-CSharp-Editor.csproj", "{2DDC549B-8610-ECA0-C6C8-06732A3B2307}"
EndProject
Global
	GlobalSection(SolutionConfigurationPlatforms) = preSolution
		Debug|Any CPU = Debug|Any CPU
		Release|Any CPU = Release|Any CPU
	EndGlobalSection
	GlobalSection(ProjectConfigurationPlatforms) = postSolution
		{04A35E40-5E8F-F08B-6C08-A80D600A8773}.Debug|Any CPU.ActiveCfg = Debug|Any CPU
		{04A35E40-5E8F-F08B-6C08-A80D600A8773}.Debug|Any CPU.Build.0 = Debug|Any CPU
		{04A35E40-5E8F-F08B-6C08-A80D600A8773}.Release|Any CPU.ActiveCfg = Release|Any CPU
		{04A35E40-5E8F-F08B-6C08-A80D600A8773}.Release|Any CPU.Build.0 = Release|Any CPU
		{2DDC549B-8610-ECA0-C6C8-06732A3B2307}.Debug|Any CPU.ActiveCfg = Debug|Any CPU
		{2DDC549B-8610-ECA0-C6C8-06732A3B2307}.Debug|Any CPU.Build.0 = Debug|Any CPU
		{2DDC549B-8610-ECA0-C6C8-06732A3B2307}.Release|Any CPU.ActiveCfg = Release|Any CPU
		{2DDC549B-8610-ECA0-C6C8-06732A3B2307}.Release|Any CPU.Build.0 = Release|Any CPU
	EndGlobalSection
	GlobalSection(SolutionProperties) = preSolution
		HideSolutionNode = FALSE
	EndGlobalSection
EndGlobal
